
Microsoft Visual Studio Solution File, Format Version 12.00
# Visual Studio Version 17
VisualStudioVersion = 17.14.37314.3 d17.14
MinimumVisualStudioVersion = 10.0.40219.1
Project("{FAE04EC0-301F-11D3-BF4B-00C04F79EFBC}") = "FixerCurrencyApp", "FixerCurrencyApp\FixerCurrencyApp.csproj", "{3CC2D4C6-E13E-43D0-A4FA-8FD2236BBC6B}"
EndProject
Global
	GlobalSection(SolutionConfigurationPlatforms) = preSolution
		Debug|Any CPU = Debug|Any CPU
		Release|Any CPU = Release|Any CPU
	EndGlobalSection
	GlobalSection(ProjectConfigurationPlatforms) = postSolution
		{3CC2D4C6-E13E-43D0-A4FA-8FD2236BBC6B}.Debug|Any CPU.ActiveCfg = Debug|Any CPU
		{3CC2D4C6-E13E-43D0-A4FA-8FD2236BBC6B}.Debug|Any CPU.Build.0 = Debug|Any CPU
		{3CC2D4C6-E13E-43D0-A4FA-8FD2236BBC6B}.Release|Any CPU.ActiveCfg = Release|Any CPU
		{3CC2D4C6-E13E-43D0-A4FA-8FD2236BBC6B}.Release|Any CPU.Build.0 = Release|Any CPU
	EndGlobalSection
	GlobalSection(SolutionProperties) = preSolution
		HideSolutionNode = FALSE
	EndGlobalSection
	GlobalSection(ExtensibilityGlobals) = postSolution
		SolutionGuid = {3E165384-E1C8-442E-8F42-5969F74B8B1B}
	EndGlobalSection
EndGlobal
